
Microsoft Visual Studio Solution File, Format Version 12.00
# Visual Studio Version 17
VisualStudioVersion = 17.0.31919.166
MinimumVisualStudioVersion = 10.0.40219.1
Project("{FAE04EC0-301F-11D3-BF4B-00C04F79EFBC}") = "file-io-json-demo", "file-io-json-demo.csproj", "{DA0AEC36-B690-4069-AB1E-BFAEA152F798}"
EndProject
Global
	GlobalSection(SolutionConfigurationPlatforms) = preSolution
		Debug|Any CPU = Debug|Any CPU
		Release|Any CPU = Release|Any CPU
	EndGlobalSection
	GlobalSection(ProjectConfigurationPlatforms) = postSolution
		{DA0AEC36-B690-4069-AB1E-BFAEA152F798}.Debug|Any CPU.ActiveCfg = Debug|Any CPU
		{DA0AEC36-B690-4069-AB1E-BFAEA152F798}.Debug|Any CPU.Build.0 = Debug|Any CPU
		{DA0AEC36-B690-4069-AB1E-BFAEA152F798}.Release|Any CPU.ActiveCfg = Release|Any CPU
		{DA0AEC36-B690-4069-AB1E-BFAEA152F798}.Release|Any CPU.Build.0 = Release|Any CPU
	EndGlobalSection
	GlobalSection(SolutionProperties) = preSolution
		HideSolutionNode = FALSE
	EndGlobalSection
	GlobalSection(ExtensibilityGlobals) = postSolution
		SolutionGuid = {17F37CE0-2305-4E0B-BFFB-332768B2C76D}
	EndGlobalSection
EndGlobal
